PODS:
  - BKMoneyKit (0.0.8)
  - Eureka (1.7.0)
  - EurekaCreditCard (0.1.4):
    - BKMoneyKit
    - Eureka
  - FBSnapshotTestCase (2.1.3):
    - FBSnapshotTestCase/SwiftSupport (= 2.1.3)
  - FBSnapshotTestCase/Core (2.1.3)
  - FBSnapshotTestCase/SwiftSupport (2.1.3):
    - FBSnapshotTestCase/Core

DEPENDENCIES:
  - BKMoneyKit (= 0.0.8)
  - Eureka (from `https://github.com/xmartlabs/Eureka.git`, branch `swift2.3`)
  - EurekaCreditCard (from `../`)
  - FBSnapshotTestCase

EXTERNAL SOURCES:
  Eureka:
    :branch: swift2.3
    :git: https://github.com/xmartlabs/Eureka.git
  EurekaCreditCard:
    :path: ../

CHECKOUT OPTIONS:
  Eureka:
    :commit: 29e73c3a2196732de0acac136e911143290390cf
    :git: https://github.com/xmartlabs/Eureka.git

SPEC CHECKSUMS:
  BKMoneyKit: cbf7091f26242917a15b3fa337fdb4da3fe3675a
  Eureka: 2020d9faeef7b7e9adeb9e3d8af779e5931c1897
  EurekaCreditCard: 4a8b954663365768c675d726de5bd362a3f716f2
  FBSnapshotTestCase: 4607968e0dfa1e2772ec0d0098354f8b870c5753

PODFILE CHECKSUM: 5ab6380740bed5a828e2bf0fabe34d6e4c20ed9e

COCOAPODS: 1.1.0.rc.2
